
Microsoft Visual Studio Solution File, Format Version 12.00
# Visual Studio Version 16
VisualStudioVersion = 16.0.31112.23
MinimumVisualStudioVersion = 10.0.40219.1
Project("{FAE04EC0-301F-11D3-BF4B-00C04F79EFBC}") = "GestionDePersonnels", "GestionDePersonnels\GestionDePersonnels.csproj", "{C23A62DD-0D08-493F-9082-E8F3A02E8219}"
EndProject
Global
	GlobalSection(SolutionConfigurationPlatforms) = preSolution
		Debug|Any CPU = Debug|Any CPU
		Release|Any CPU = Release|Any CPU
	EndGlobalSection
	GlobalSection(ProjectConfigurationPlatforms) = postSolution
		{C23A62DD-0D08-493F-9082-E8F3A02E8219}.Debug|Any CPU.ActiveCfg = Debug|Any CPU
		{C23A62DD-0D08-493F-9082-E8F3A02E8219}.Debug|Any CPU.Build.0 = Debug|Any CPU
		{C23A62DD-0D08-493F-9082-E8F3A02E8219}.Release|Any CPU.ActiveCfg = Release|Any CPU
		{C23A62DD-0D08-493F-9082-E8F3A02E8219}.Release|Any CPU.Build.0 = Release|Any CPU
	EndGlobalSection
	GlobalSection(SolutionProperties) = preSolution
		HideSolutionNode = FALSE
	EndGlobalSection
	GlobalSection(ExtensibilityGlobals) = postSolution
		SolutionGuid = {B691B091-6709-4D27-BF72-EE3C515B8431}
	EndGlobalSection
EndGlobal
